
Microsoft Visual Studio Solution File, Format Version 12.00
# Visual Studio Version 16
VisualStudioVersion = 16.0.35706.149
MinimumVisualStudioVersion = 10.0.40219.1
Project("{FAE04EC0-301F-11D3-BF4B-00C04F79EFBC}") = "CsharpTraining1-1", "CsharpTraining\CsharpTraining1-1.csproj", "{255E04D8-3B6F-4406-9640-6BE87B24B912}"
EndProject
Project("{FAE04EC0-301F-11D3-BF4B-00C04F79EFBC}") = "CsharpTraining1-2", "CsharpTraining1-2\CsharpTraining1-2.csproj", "{9559AF04-98C6-4B92-9AB5-A32209558BE3}"
EndProject
Project("{FAE04EC0-301F-11D3-BF4B-00C04F79EFBC}") = "CsharpTraining2-1", "CsharpTraining2-1\CsharpTraining2-1.csproj", "{F724913C-BC84-41E7-BBC0-7E81EBCDAFA2}"
EndProject
Project("{FAE04EC0-301F-11D3-BF4B-00C04F79EFBC}") = "CsharpTraining2-2", "CsharpTraining2-2\CsharpTraining2-2.csproj", "{5989789C-7CA4-423E-883B-C1068DCFC079}"
EndProject
Project("{FAE04EC0-301F-11D3-BF4B-00C04F79EFBC}") = "CsharpTraining2-3", "CsharpTraining2-3\CsharpTraining2-3.csproj", "{B251C9B0-8165-4054-8373-12C9C4B7CD8C}"
EndProject
Project("{FAE04EC0-301F-11D3-BF4B-00C04F79EFBC}") = "CsharpTraining3-1", "CsharpTraining3-1\CsharpTraining3-1.csproj", "{61E5CC7E-FB95-41DE-839D-B26330A38E45}"
EndProject
Project("{FAE04EC0-301F-11D3-BF4B-00C04F79EFBC}") = "CsharpTraining3-2", "CsharpTraining3-2\CsharpTraining3-2.csproj", "{236A5AE2-A9DB-48B7-B0A9-892119269238}"
EndProject
Project("{FAE04EC0-301F-11D3-BF4B-00C04F79EFBC}") = "CsharpTraining3-3", "..\CsharpTraining3-3\CsharpTraining3-3.csproj", "{AC17409C-A067-4C09-9EED-ADDD9A17E281}"
EndProject
Project("{FAE04EC0-301F-11D3-BF4B-00C04F79EFBC}") = "CsharpTraining4-1", "CsharpTraining4-1\CsharpTraining4-1.csproj", "{EC8F0D3E-4382-45A9-AA45-ED7736513719}"
EndProject
Project("{FAE04EC0-301F-11D3-BF4B-00C04F79EFBC}") = "CsharpTraining4-2", "CsharpTraining4-2\CsharpTraining4-2.csproj", "{1C77C485-D202-4C26-9831-2CC5B6A41725}"
EndProject
Project("{FAE04EC0-301F-11D3-BF4B-00C04F79EFBC}") = "CsharpTraining5-1", "CsharpTraining5-1\CsharpTraining5-1.csproj", "{F1EDF367-170D-4F70-B29C-2C37B3DB9A0E}"
EndProject
Project("{FAE04EC0-301F-11D3-BF4B-00C04F79EFBC}") = "CsharpTraining5-2", "CsharpTraining5-2\CsharpTraining5-2.csproj", "{6A04BCA9-9C45-4039-8D6A-AF48F090FCEE}"
EndProject
Project("{FAE04EC0-301F-11D3-BF4B-00C04F79EFBC}") = "CsharpTraining5-3", "CsharpTraining5-3\CsharpTraining5-3.csproj", "{E589BDCD-1406-468C-A5C6-84238081E476}"
EndProject
Project("{FAE04EC0-301F-11D3-BF4B-00C04F79EFBC}") = "CsharpTraining6-1", "CsharpTraining6-1\CsharpTraining6-1.csproj", "{B0A43D5C-47CE-41AA-980E-5719F002F018}"
EndProject
Project("{FAE04EC0-301F-11D3-BF4B-00C04F79EFBC}") = "CsharpTraining6-2", "CsharpTraining6-2\CsharpTraining6-2.csproj", "{55DBB435-6E57-40B6-8617-6C1A9D12CFD2}"
EndProject
Project("{FAE04EC0-301F-11D3-BF4B-00C04F79EFBC}") = "AnotherAssembly", "AnotherAssembly\AnotherAssembly.csproj", "{B898A29A-382F-4CC5-B4A2-EEA021DAC726}"
EndProject
Project("{FAE04EC0-301F-11D3-BF4B-00C04F79EFBC}") = "CsharpTraining7-1", "CsharpTraining7-1\CsharpTraining7-1.csproj", "{AB52652F-3D29-4662-BD7A-B6CA136EB2C9}"
EndProject
Project("{FAE04EC0-301F-11D3-BF4B-00C04F79EFBC}") = "CsharpTraining7-2", "CsharpTraining7-2\CsharpTraining7-2.csproj", "{33C35272-85EC-470C-8858-648EB3D97C54}"
EndProject
Project("{FAE04EC0-301F-11D3-BF4B-00C04F79EFBC}") = "CsharpTraining8-1", "CsharpTraining8-1\CsharpTraining8-1.csproj", "{6C4C3F7A-A288-4F07-A7EE-CB44688A96C0}"
EndProject
Global
	GlobalSection(SolutionConfigurationPlatforms) = preSolution
		Debug|Any CPU = Debug|Any CPU
		Release|Any CPU = Release|Any CPU
	EndGlobalSection
	GlobalSection(ProjectConfigurationPlatforms) = postSolution
		{255E04D8-3B6F-4406-9640-6BE87B24B912}.Debug|Any CPU.ActiveCfg = Debug|Any CPU
		{255E04D8-3B6F-4406-9640-6BE87B24B912}.Debug|Any CPU.Build.0 = Debug|Any CPU
		{255E04D8-3B6F-4406-9640-6BE87B24B912}.Release|Any CPU.ActiveCfg = Release|Any CPU
		{255E04D8-3B6F-4406-9640-6BE87B24B912}.Release|Any CPU.Build.0 = Release|Any CPU
		{9559AF04-98C6-4B92-9AB5-A32209558BE3}.Debug|Any CPU.ActiveCfg = Debug|Any CPU
		{9559AF04-98C6-4B92-9AB5-A32209558BE3}.Debug|Any CPU.Build.0 = Debug|Any CPU
		{9559AF04-98C6-4B92-9AB5-A32209558BE3}.Release|Any CPU.ActiveCfg = Release|Any CPU
		{9559AF04-98C6-4B92-9AB5-A32209558BE3}.Release|Any CPU.Build.0 = Release|Any CPU
		{F724913C-BC84-41E7-BBC0-7E81EBCDAFA2}.Debug|Any CPU.ActiveCfg = Debug|Any CPU
		{F724913C-BC84-41E7-BBC0-7E81EBCDAFA2}.Debug|Any CPU.Build.0 = Debug|Any CPU
		{F724913C-BC84-41E7-BBC0-7E81EBCDAFA2}.Release|Any CPU.ActiveCfg = Release|Any CPU
		{F724913C-BC84-41E7-BBC0-7E81EBCDAFA2}.Release|Any CPU.Build.0 = Release|Any CPU
		{5989789C-7CA4-423E-883B-C1068DCFC079}.Debug|Any CPU.ActiveCfg = Debug|Any CPU
		{5989789C-7CA4-423E-883B-C1068DCFC079}.Debug|Any CPU.Build.0 = Debug|Any CPU
		{5989789C-7CA4-423E-883B-C1068DCFC079}.Release|Any CPU.ActiveCfg = Release|Any CPU
		{5989789C-7CA4-423E-883B-C1068DCFC079}.Release|Any CPU.Build.0 = Release|Any CPU
		{B251C9B0-8165-4054-8373-12C9C4B7CD8C}.Debug|Any CPU.ActiveCfg = Debug|Any CPU
		{B251C9B0-8165-4054-8373-12C9C4B7CD8C}.Debug|Any CPU.Build.0 = Debug|Any CPU
		{B251C9B0-8165-4054-8373-12C9C4B7CD8C}.Release|Any CPU.ActiveCfg = Release|Any CPU
		{B251C9B0-8165-4054-8373-12C9C4B7CD8C}.Release|Any CPU.Build.0 = Release|Any CPU
		{61E5CC7E-FB95-41DE-839D-B26330A38E45}.Debug|Any CPU.ActiveCfg = Debug|Any CPU
		{61E5CC7E-FB95-41DE-839D-B26330A38E45}.Debug|Any CPU.Build.0 = Debug|Any CPU
		{61E5CC7E-FB95-41DE-839D-B26330A38E45}.Release|Any CPU.ActiveCfg = Release|Any CPU
		{61E5CC7E-FB95-41DE-839D-B26330A38E45}.Release|Any CPU.Build.0 = Release|Any CPU
		{236A5AE2-A9DB-48B7-B0A9-892119269238}.Debug|Any CPU.ActiveCfg = Debug|Any CPU
		{236A5AE2-A9DB-48B7-B0A9-892119269238}.Debug|Any CPU.Build.0 = Debug|Any CPU
		{236A5AE2-A9DB-48B7-B0A9-892119269238}.Release|Any CPU.ActiveCfg = Release|Any CPU
		{236A5AE2-A9DB-48B7-B0A9-892119269238}.Release|Any CPU.Build.0 = Release|Any CPU
		{AC17409C-A067-4C09-9EED-ADDD9A17E281}.Debug|Any CPU.ActiveCfg = Debug|Any CPU
		{AC17409C-A067-4C09-9EED-ADDD9A17E281}.Debug|Any CPU.Build.0 = Debug|Any CPU
		{AC17409C-A067-4C09-9EED-ADDD9A17E281}.Release|Any CPU.ActiveCfg = Release|Any CPU
		{AC17409C-A067-4C09-9EED-ADDD9A17E281}.Release|Any CPU.Build.0 = Release|Any CPU
		{EC8F0D3E-4382-45A9-AA45-ED7736513719}.Debug|Any CPU.ActiveCfg = Debug|Any CPU
		{EC8F0D3E-4382-45A9-AA45-ED7736513719}.Debug|Any CPU.Build.0 = Debug|Any CPU
		{EC8F0D3E-4382-45A9-AA45-ED7736513719}.Release|Any CPU.ActiveCfg = Release|Any CPU
		{EC8F0D3E-4382-45A9-AA45-ED7736513719}.Release|Any CPU.Build.0 = Release|Any CPU
		{1C77C485-D202-4C26-9831-2CC5B6A41725}.Debug|Any CPU.ActiveCfg = Debug|Any CPU
		{1C77C485-D202-4C26-9831-2CC5B6A41725}.Debug|Any CPU.Build.0 = Debug|Any CPU
		{1C77C485-D202-4C26-9831-2CC5B6A41725}.Release|Any CPU.ActiveCfg = Release|Any CPU
		{1C77C485-D202-4C26-9831-2CC5B6A41725}.Release|Any CPU.Build.0 = Release|Any CPU
		{F1EDF367-170D-4F70-B29C-2C37B3DB9A0E}.Debug|Any CPU.ActiveCfg = Debug|Any CPU
		{F1EDF367-170D-4F70-B29C-2C37B3DB9A0E}.Debug|Any CPU.Build.0 = Debug|Any CPU
		{F1EDF367-170D-4F70-B29C-2C37B3DB9A0E}.Release|Any CPU.ActiveCfg = Release|Any CPU
		{F1EDF367-170D-4F70-B29C-2C37B3DB9A0E}.Release|Any CPU.Build.0 = Release|Any CPU
		{6A04BCA9-9C45-4039-8D6A-AF48F090FCEE}.Debug|Any CPU.ActiveCfg = Debug|Any CPU
		{6A04BCA9-9C45-4039-8D6A-AF48F090FCEE}.Debug|Any CPU.Build.0 = Debug|Any CPU
		{6A04BCA9-9C45-4039-8D6A-AF48F090FCEE}.Release|Any CPU.ActiveCfg = Release|Any CPU
		{6A04BCA9-9C45-4039-8D6A-AF48F090FCEE}.Release|Any CPU.Build.0 = Release|Any CPU
		{E589BDCD-1406-468C-A5C6-84238081E476}.Debug|Any CPU.ActiveCfg = Debug|Any CPU
		{E589BDCD-1406-468C-A5C6-84238081E476}.Debug|Any CPU.Build.0 = Debug|Any CPU
		{E589BDCD-1406-468C-A5C6-84238081E476}.Release|Any CPU.ActiveCfg = Release|Any CPU
		{E589BDCD-1406-468C-A5C6-84238081E476}.Release|Any CPU.Build.0 = Release|Any CPU
		{B0A43D5C-47CE-41AA-980E-5719F002F018}.Debug|Any CPU.ActiveCfg = Debug|Any CPU
		{B0A43D5C-47CE-41AA-980E-5719F002F018}.Debug|Any CPU.Build.0 = Debug|Any CPU
		{B0A43D5C-47CE-41AA-980E-5719F002F018}.Release|Any CPU.ActiveCfg = Release|Any CPU
		{B0A43D5C-47CE-41AA-980E-5719F002F018}.Release|Any CPU.Build.0 = Release|Any CPU
		{55DBB435-6E57-40B6-8617-6C1A9D12CFD2}.Debug|Any CPU.ActiveCfg = Debug|Any CPU
		{55DBB435-6E57-40B6-8617-6C1A9D12CFD2}.Debug|Any CPU.Build.0 = Debug|Any CPU
		{55DBB435-6E57-40B6-8617-6C1A9D12CFD2}.Release|Any CPU.ActiveCfg = Release|Any CPU
		{55DBB435-6E57-40B6-8617-6C1A9D12CFD2}.Release|Any CPU.Build.0 = Release|Any CPU
		{B898A29A-382F-4CC5-B4A2-EEA021DAC726}.Debug|Any CPU.ActiveCfg = Debug|Any CPU
		{B898A29A-382F-4CC5-B4A2-EEA021DAC726}.Debug|Any CPU.Build.0 = Debug|Any CPU
		{B898A29A-382F-4CC5-B4A2-EEA021DAC726}.Release|Any CPU.ActiveCfg = Release|Any CPU
		{B898A29A-382F-4CC5-B4A2-EEA021DAC726}.Release|Any CPU.Build.0 = Release|Any CPU
		{AB52652F-3D29-4662-BD7A-B6CA136EB2C9}.Debug|Any CPU.ActiveCfg = Debug|Any CPU
		{AB52652F-3D29-4662-BD7A-B6CA136EB2C9}.Debug|Any CPU.Build.0 = Debug|Any CPU
		{AB52652F-3D29-4662-BD7A-B6CA136EB2C9}.Release|Any CPU.ActiveCfg = Release|Any CPU
		{AB52652F-3D29-4662-BD7A-B6CA136EB2C9}.Release|Any CPU.Build.0 = Release|Any CPU
		{33C35272-85EC-470C-8858-648EB3D97C54}.Debug|Any CPU.ActiveCfg = Debug|Any CPU
		{33C35272-85EC-470C-8858-648EB3D97C54}.Debug|Any CPU.Build.0 = Debug|Any CPU
		{33C35272-85EC-470C-8858-648EB3D97C54}.Release|Any CPU.ActiveCfg = Release|Any CPU
		{33C35272-85EC-470C-8858-648EB3D97C54}.Release|Any CPU.Build.0 = Release|Any CPU
		{6C4C3F7A-A288-4F07-A7EE-CB44688A96C0}.Debug|Any CPU.ActiveCfg = Debug|Any CPU
		{6C4C3F7A-A288-4F07-A7EE-CB44688A96C0}.Debug|Any CPU.Build.0 = Debug|Any CPU
		{6C4C3F7A-A288-4F07-A7EE-CB44688A96C0}.Release|Any CPU.ActiveCfg = Release|Any CPU
		{6C4C3F7A-A288-4F07-A7EE-CB44688A96C0}.Release|Any CPU.Build.0 = Release|Any CPU
	EndGlobalSection
	GlobalSection(SolutionProperties) = preSolution
		HideSolutionNode = FALSE
	EndGlobalSection
	GlobalSection(ExtensibilityGlobals) = postSolution
		SolutionGuid = {74A8C4AC-D8AC-44F8-87FD-9827807AA69D}
	EndGlobalSection
EndGlobal
