
Microsoft Visual Studio Solution File, Format Version 12.00
# Visual Studio Version 16
VisualStudioVersion = 16.0.35706.149
MinimumVisualStudioVersion = 10.0.40219.1
Project("{FAE04EC0-301F-11D3-BF4B-00C04F79EFBC}") = "CsharpTraining1-1", "CsharpTraining\CsharpTraining1-1.csproj", "{255E04D8-3B6F-4406-9640-6BE87B24B912}"
EndProject
Project("{FAE04EC0-301F-11D3-BF4B-00C04F79EFBC}") = "CsharpTraining1-2", "CsharpTraining1-2\CsharpTraining1-2.csproj", "{9559AF04-98C6-4B92-9AB5-A32209558BE3}"
EndProject
Project("{FAE04EC0-301F-11D3-BF4B-00C04F79EFBC}") = "CsharpTraining2-1", "CsharpTraining2-1\CsharpTraining2-1.csproj", "{F724913C-BC84-41E7-BBC0-7E81EBCDAFA2}"
EndProject
Project("{FAE04EC0-301F-11D3-BF4B-00C04F79EFBC}") = "CsharpTraining2-2", "CsharpTraining2-2\CsharpTraining2-2.csproj", "{5989789C-7CA4-423E-883B-C1068DCFC079}"
EndProject
Project("{FAE04EC0-301F-11D3-BF4B-00C04F79EFBC}") = "CsharpTraining2-3", "CsharpTraining2-3\CsharpTraining2-3.csproj", "{B251C9B0-8165-4054-8373-12C9C4B7CD8C}"
EndProject
Project("{FAE04EC0-301F-11D3-BF4B-00C04F79EFBC}") = "CsharpTraining3-1", "CsharpTraining3-1\CsharpTraining3-1.csproj", "{61E5CC7E-FB95-41DE-839D-B26330A38E45}"
EndProject
Project("{FAE04EC0-301F-11D3-BF4B-00C04F79EFBC}") = "CsharpTraining3-2", "CsharpTraining3-2\CsharpTraining3-2.csproj", "{236A5AE2-A9DB-48B7-B0A9-892119269238}"
EndProject
Project("{FAE04EC0-301F-11D3-BF4B-00C04F79EFBC}") = "CsharpTraining3-3", "..\CsharpTraining3-3\CsharpTraining3-3.csproj", "{AC17409C-A067-4C09-9EED-ADDD9A17E281}"
EndProject
Project("{FAE04EC0-301F-11D3-BF4B-00C04F79EFBC}") = "CsharpTraining4-1", "CsharpTraining4-1\CsharpTraining4-1.csproj", "{EC8F0D3E-4382-45A9-AA45-ED7736513719}"
EndProject
Project("{FAE04EC0-301F-11D3-BF4B-00C04F79EFBC}") = "CsharpTraining4-2", "CsharpTraining4-2\CsharpTraining4-2.csproj", "{1C77C485-D202-4C26-9831-2CC5B6A41725}"
EndProject
Project("{FAE04EC0-301F-11D3-BF4B-00C04F79EFBC}") = "CsharpTraining5-1", "CsharpTraining5-1\CsharpTraining5-1.csproj", "{F1EDF367-170D-4F70-B29C-2C37B3DB9A0E}"
EndProject
Project("{FAE04EC0-301F-11D3-BF4B-00C04F79EFBC}") = "CsharpTraining5-2", "CsharpTraining5-2\CsharpTraining5-2.csproj", "{6A04BCA9-9C45-4039-8D6A-AF48F090FCEE}"
EndProject
Project("{FAE04EC0-301F-11D3-BF4B-00C04F79EFBC}") = "CsharpTraining5-3", "CsharpTraining5-3\CsharpTraining5-3.csproj", "{E589BDCD-1406-468C-A5C6-84238081E476}"
EndProject
Project("{FAE04EC0-301F-11D3-BF4B-00C04F79EFBC}") = "CsharpTraining6-1", "CsharpTraining6-1\CsharpTraining6-1.csproj", "{B0A43D5C-47CE-41AA-980E-5719F002F018}"
EndProject
Project("{FAE04EC0-301F-11D3-BF4B-00C04F79EFBC}") = "CsharpTraining6-2", "CsharpTraining6-2\CsharpTraining6-2.csproj", "{55DBB435-6E57-40B6-8617-6C1A9D12CFD2}"
EndProject
Project("{FAE04EC0-301F-11D3-BF4B-00C04F79EFBC}") = "AnotherAssembly", "AnotherAssembly\AnotherAssembly.csproj", "{B898A29A-382F-4CC5-B4A2-EEA021DAC726}"
EndProject
Project("{FAE04EC0-301F-11D3-BF4B-00C04F79EFBC}") = "CsharpTraining7-1", "CsharpTraining7-1\CsharpTraining7-1.csproj", "{AB52652F-3D29-4662-BD7A-B6CA136EB2C9}"
EndProject
Project("{FAE04EC0-301F-11D3-BF4B-00C04F79EFBC}") = "CsharpTraining7-2", "CsharpTraining7-2\CsharpTraining7-2.csproj", "{33C35272-85EC-470C-8858-648EB3D97C54}"
EndProject
Project("{FAE04EC0-301F-11D3-BF4B-00C04F79EFBC}") = "CsharpTraining8-1", "CsharpTraining8-1\CsharpTraining8-1.csproj", "{6C4C3F7A-A288-4F07-A7EE-CB44688A96C0}"
EndProject
Project("{FAE04EC0-301F-11D3-BF4B-00C04F79EFBC}") = "CsharpTraining8-2", "CsharpTraining8-2\CsharpTraining8-2.csproj", "{718C6820-1FD1-4F4B-ADC1-A657CAB7D64E}"
EndProject
Project("{FAE04EC0-301F-11D3-BF4B-00C04F79EFBC}") = "CsharpTraining9-1", "CsharpTraining9-1\CsharpTraining9-1.csproj", "{D16222B4-9E32-442B-A6D2-B5684F176B9F}"
EndProject
Project("{FAE04EC0-301F-11D3-BF4B-00C04F79EFBC}") = "CsharpTraining9-2", "CsharpTraining9-2\CsharpTraining9-2.csproj", "{A968CC70-DEED-4DC9-AD43-B3B7021E0982}"
EndProject
Project("{FAE04EC0-301F-11D3-BF4B-00C04F79EFBC}") = "CsharpTraining9-3", "CsharpTraining9-3\CsharpTraining9-3.csproj", "{D922AB2E-8CB1-49B2-87A6-A72B50B34B7A}"
EndProject
Project("{FAE04EC0-301F-11D3-BF4B-00C04F79EFBC}") = "CsharpTraining10-1", "CsharpTraining10-1\CsharpTraining10-1.csproj", "{16F648C3-ED3D-4654-977A-414163A4D863}"
EndProject
Project("{FAE04EC0-301F-11D3-BF4B-00C04F79EFBC}") = "CsharpTraining10-2", "CsharpTraining10-2\CsharpTraining10-2.csproj", "{36E3D110-516B-43DC-94B3-F59A9FC603F3}"
EndProject
Project("{FAE04EC0-301F-11D3-BF4B-00C04F79EFBC}") = "CsharpTraining10-3", "CsharpTraining10-3\CsharpTraining10-3.csproj", "{983602B7-58E1-4D7A-BAD7-4DFA5C28DACA}"
EndProject
Project("{FAE04EC0-301F-11D3-BF4B-00C04F79EFBC}") = "CsharpTraining11-1", "CsharpTraining11-1\CsharpTraining11-1.csproj", "{7EBB3C72-166E-4892-9DF2-33C7F77F0165}"
EndProject
Project("{FAE04EC0-301F-11D3-BF4B-00C04F79EFBC}") = "CsharpTraining11-2", "CsharpTraining11-2\CsharpTraining11-2.csproj", "{B8AB0D5E-62C4-48D7-BD13-49EFEE2790EC}"
EndProject
Project("{FAE04EC0-301F-11D3-BF4B-00C04F79EFBC}") = "CsharpTraining11-3", "CsharpTraining11-3\CsharpTraining11-3.csproj", "{93536046-96E2-4D5C-AB1D-E9B6EB6B9ADC}"
EndProject
Project("{FAE04EC0-301F-11D3-BF4B-00C04F79EFBC}") = "CsharpTraining12-1", "CsharpTraining12-1\CsharpTraining12-1.csproj", "{C3667DB6-B89C-4406-A12C-5F694B48DB32}"
EndProject
Project("{FAE04EC0-301F-11D3-BF4B-00C04F79EFBC}") = "CsharpTraining12-2", "CsharpTraining12-2\CsharpTraining12-2.csproj", "{BACEAF72-3A4F-430D-8B10-76B12F566D55}"
EndProject
Project("{FAE04EC0-301F-11D3-BF4B-00C04F79EFBC}") = "CsharpTraining12-3", "CsharpTraining12-3\CsharpTraining12-3.csproj", "{BAF0AAC2-9476-4A80-B7F1-1D67AD075C58}"
EndProject
Project("{FAE04EC0-301F-11D3-BF4B-00C04F79EFBC}") = "CsharpTraining13-1", "CsharpTraining13-1\CsharpTraining13-1.csproj", "{2F95D379-7554-4D56-8C62-FBCF4C557CD7}"
EndProject
Project("{FAE04EC0-301F-11D3-BF4B-00C04F79EFBC}") = "CsharpTraining13-2", "CsharpTraining13-2\CsharpTraining13-2.csproj", "{D376E6A5-7E9F-4D8A-B335-188162832205}"
EndProject
Project("{FAE04EC0-301F-11D3-BF4B-00C04F79EFBC}") = "CsharpTraining13-3", "CsharpTraining13-3\CsharpTraining13-3.csproj", "{64C7071A-4CAD-412E-B6B8-4C57BCD47EDA}"
EndProject
Project("{FAE04EC0-301F-11D3-BF4B-00C04F79EFBC}") = "CsharpTraining14-1", "CsharpTraining14-1\CsharpTraining14-1.csproj", "{46D05983-63FB-4E0D-95D9-5DE79526CE9B}"
EndProject
Project("{FAE04EC0-301F-11D3-BF4B-00C04F79EFBC}") = "CsharpTraining14-2", "CsharpTraining14-2\CsharpTraining14-2.csproj", "{EA1F9EFF-AD30-4A3E-87CA-8F65EFDBDF00}"
EndProject
Project("{FAE04EC0-301F-11D3-BF4B-00C04F79EFBC}") = "CsharpTraining14-3", "CsharpTraining14-3\CsharpTraining14-3.csproj", "{82AD967E-2E3D-4B02-B14E-438EC0A12BEE}"
EndProject
Project("{FAE04EC0-301F-11D3-BF4B-00C04F79EFBC}") = "CsharpTraining14-4", "CsharpTraining14-4\CsharpTraining14-4.csproj", "{2E224C25-675D-4EE8-8B09-8CE0936867AC}"
EndProject
Project("{FAE04EC0-301F-11D3-BF4B-00C04F79EFBC}") = "CsharpTraining15-1", "CsharpTraining15-1\CsharpTraining15-1.csproj", "{A75B9F6F-22B6-4AAD-ABAD-F860D4AA2952}"
EndProject
Project("{FAE04EC0-301F-11D3-BF4B-00C04F79EFBC}") = "CsharpTraining15-2", "CsharpTraining15-2\CsharpTraining15-2.csproj", "{8A388387-AEAC-4D2D-928E-B505CD83A085}"
EndProject
Global
	GlobalSection(SolutionConfigurationPlatforms) = preSolution
		Debug|Any CPU = Debug|Any CPU
		Release|Any CPU = Release|Any CPU
	EndGlobalSection
	GlobalSection(ProjectConfigurationPlatforms) = postSolution
		{255E04D8-3B6F-4406-9640-6BE87B24B912}.Debug|Any CPU.ActiveCfg = Debug|Any CPU
		{255E04D8-3B6F-4406-9640-6BE87B24B912}.Debug|Any CPU.Build.0 = Debug|Any CPU
		{255E04D8-3B6F-4406-9640-6BE87B24B912}.Release|Any CPU.ActiveCfg = Release|Any CPU
		{255E04D8-3B6F-4406-9640-6BE87B24B912}.Release|Any CPU.Build.0 = Release|Any CPU
		{9559AF04-98C6-4B92-9AB5-A32209558BE3}.Debug|Any CPU.ActiveCfg = Debug|Any CPU
		{9559AF04-98C6-4B92-9AB5-A32209558BE3}.Debug|Any CPU.Build.0 = Debug|Any CPU
		{9559AF04-98C6-4B92-9AB5-A32209558BE3}.Release|Any CPU.ActiveCfg = Release|Any CPU
		{9559AF04-98C6-4B92-9AB5-A32209558BE3}.Release|Any CPU.Build.0 = Release|Any CPU
		{F724913C-BC84-41E7-BBC0-7E81EBCDAFA2}.Debug|Any CPU.ActiveCfg = Debug|Any CPU
		{F724913C-BC84-41E7-BBC0-7E81EBCDAFA2}.Debug|Any CPU.Build.0 = Debug|Any CPU
		{F724913C-BC84-41E7-BBC0-7E81EBCDAFA2}.Release|Any CPU.ActiveCfg = Release|Any CPU
		{F724913C-BC84-41E7-BBC0-7E81EBCDAFA2}.Release|Any CPU.Build.0 = Release|Any CPU
		{5989789C-7CA4-423E-883B-C1068DCFC079}.Debug|Any CPU.ActiveCfg = Debug|Any CPU
		{5989789C-7CA4-423E-883B-C1068DCFC079}.Debug|Any CPU.Build.0 = Debug|Any CPU
		{5989789C-7CA4-423E-883B-C1068DCFC079}.Release|Any CPU.ActiveCfg = Release|Any CPU
		{5989789C-7CA4-423E-883B-C1068DCFC079}.Release|Any CPU.Build.0 = Release|Any CPU
		{B251C9B0-8165-4054-8373-12C9C4B7CD8C}.Debug|Any CPU.ActiveCfg = Debug|Any CPU
		{B251C9B0-8165-4054-8373-12C9C4B7CD8C}.Debug|Any CPU.Build.0 = Debug|Any CPU
		{B251C9B0-8165-4054-8373-12C9C4B7CD8C}.Release|Any CPU.ActiveCfg = Release|Any CPU
		{B251C9B0-8165-4054-8373-12C9C4B7CD8C}.Release|Any CPU.Build.0 = Release|Any CPU
		{61E5CC7E-FB95-41DE-839D-B26330A38E45}.Debug|Any CPU.ActiveCfg = Debug|Any CPU
		{61E5CC7E-FB95-41DE-839D-B26330A38E45}.Debug|Any CPU.Build.0 = Debug|Any CPU
		{61E5CC7E-FB95-41DE-839D-B26330A38E45}.Release|Any CPU.ActiveCfg = Release|Any CPU
		{61E5CC7E-FB95-41DE-839D-B26330A38E45}.Release|Any CPU.Build.0 = Release|Any CPU
		{236A5AE2-A9DB-48B7-B0A9-892119269238}.Debug|Any CPU.ActiveCfg = Debug|Any CPU
		{236A5AE2-A9DB-48B7-B0A9-892119269238}.Debug|Any CPU.Build.0 = Debug|Any CPU
		{236A5AE2-A9DB-48B7-B0A9-892119269238}.Release|Any CPU.ActiveCfg = Release|Any CPU
		{236A5AE2-A9DB-48B7-B0A9-892119269238}.Release|Any CPU.Build.0 = Release|Any CPU
		{AC17409C-A067-4C09-9EED-ADDD9A17E281}.Debug|Any CPU.ActiveCfg = Debug|Any CPU
		{AC17409C-A067-4C09-9EED-ADDD9A17E281}.Debug|Any CPU.Build.0 = Debug|Any CPU
		{AC17409C-A067-4C09-9EED-ADDD9A17E281}.Release|Any CPU.ActiveCfg = Release|Any CPU
		{AC17409C-A067-4C09-9EED-ADDD9A17E281}.Release|Any CPU.Build.0 = Release|Any CPU
		{EC8F0D3E-4382-45A9-AA45-ED7736513719}.Debug|Any CPU.ActiveCfg = Debug|Any CPU
		{EC8F0D3E-4382-45A9-AA45-ED7736513719}.Debug|Any CPU.Build.0 = Debug|Any CPU
		{EC8F0D3E-4382-45A9-AA45-ED7736513719}.Release|Any CPU.ActiveCfg = Release|Any CPU
		{EC8F0D3E-4382-45A9-AA45-ED7736513719}.Release|Any CPU.Build.0 = Release|Any CPU
		{1C77C485-D202-4C26-9831-2CC5B6A41725}.Debug|Any CPU.ActiveCfg = Debug|Any CPU
		{1C77C485-D202-4C26-9831-2CC5B6A41725}.Debug|Any CPU.Build.0 = Debug|Any CPU
		{1C77C485-D202-4C26-9831-2CC5B6A41725}.Release|Any CPU.ActiveCfg = Release|Any CPU
		{1C77C485-D202-4C26-9831-2CC5B6A41725}.Release|Any CPU.Build.0 = Release|Any CPU
		{F1EDF367-170D-4F70-B29C-2C37B3DB9A0E}.Debug|Any CPU.ActiveCfg = Debug|Any CPU
		{F1EDF367-170D-4F70-B29C-2C37B3DB9A0E}.Debug|Any CPU.Build.0 = Debug|Any CPU
		{F1EDF367-170D-4F70-B29C-2C37B3DB9A0E}.Release|Any CPU.ActiveCfg = Release|Any CPU
		{F1EDF367-170D-4F70-B29C-2C37B3DB9A0E}.Release|Any CPU.Build.0 = Release|Any CPU
		{6A04BCA9-9C45-4039-8D6A-AF48F090FCEE}.Debug|Any CPU.ActiveCfg = Debug|Any CPU
		{6A04BCA9-9C45-4039-8D6A-AF48F090FCEE}.Debug|Any CPU.Build.0 = Debug|Any CPU
		{6A04BCA9-9C45-4039-8D6A-AF48F090FCEE}.Release|Any CPU.ActiveCfg = Release|Any CPU
		{6A04BCA9-9C45-4039-8D6A-AF48F090FCEE}.Release|Any CPU.Build.0 = Release|Any CPU
		{E589BDCD-1406-468C-A5C6-84238081E476}.Debug|Any CPU.ActiveCfg = Debug|Any CPU
		{E589BDCD-1406-468C-A5C6-84238081E476}.Debug|Any CPU.Build.0 = Debug|Any CPU
		{E589BDCD-1406-468C-A5C6-84238081E476}.Release|Any CPU.ActiveCfg = Release|Any CPU
		{E589BDCD-1406-468C-A5C6-84238081E476}.Release|Any CPU.Build.0 = Release|Any CPU
		{B0A43D5C-47CE-41AA-980E-5719F002F018}.Debug|Any CPU.ActiveCfg = Debug|Any CPU
		{B0A43D5C-47CE-41AA-980E-5719F002F018}.Debug|Any CPU.Build.0 = Debug|Any CPU
		{B0A43D5C-47CE-41AA-980E-5719F002F018}.Release|Any CPU.ActiveCfg = Release|Any CPU
		{B0A43D5C-47CE-41AA-980E-5719F002F018}.Release|Any CPU.Build.0 = Release|Any CPU
		{55DBB435-6E57-40B6-8617-6C1A9D12CFD2}.Debug|Any CPU.ActiveCfg = Debug|Any CPU
		{55DBB435-6E57-40B6-8617-6C1A9D12CFD2}.Debug|Any CPU.Build.0 = Debug|Any CPU
		{55DBB435-6E57-40B6-8617-6C1A9D12CFD2}.Release|Any CPU.ActiveCfg = Release|Any CPU
		{55DBB435-6E57-40B6-8617-6C1A9D12CFD2}.Release|Any CPU.Build.0 = Release|Any CPU
		{B898A29A-382F-4CC5-B4A2-EEA021DAC726}.Debug|Any CPU.ActiveCfg = Debug|Any CPU
		{B898A29A-382F-4CC5-B4A2-EEA021DAC726}.Debug|Any CPU.Build.0 = Debug|Any CPU
		{B898A29A-382F-4CC5-B4A2-EEA021DAC726}.Release|Any CPU.ActiveCfg = Release|Any CPU
		{B898A29A-382F-4CC5-B4A2-EEA021DAC726}.Release|Any CPU.Build.0 = Release|Any CPU
		{AB52652F-3D29-4662-BD7A-B6CA136EB2C9}.Debug|Any CPU.ActiveCfg = Debug|Any CPU
		{AB52652F-3D29-4662-BD7A-B6CA136EB2C9}.Debug|Any CPU.Build.0 = Debug|Any CPU
		{AB52652F-3D29-4662-BD7A-B6CA136EB2C9}.Release|Any CPU.ActiveCfg = Release|Any CPU
		{AB52652F-3D29-4662-BD7A-B6CA136EB2C9}.Release|Any CPU.Build.0 = Release|Any CPU
		{33C35272-85EC-470C-8858-648EB3D97C54}.Debug|Any CPU.ActiveCfg = Debug|Any CPU
		{33C35272-85EC-470C-8858-648EB3D97C54}.Debug|Any CPU.Build.0 = Debug|Any CPU
		{33C35272-85EC-470C-8858-648EB3D97C54}.Release|Any CPU.ActiveCfg = Release|Any CPU
		{33C35272-85EC-470C-8858-648EB3D97C54}.Release|Any CPU.Build.0 = Release|Any CPU
		{6C4C3F7A-A288-4F07-A7EE-CB44688A96C0}.Debug|Any CPU.ActiveCfg = Debug|Any CPU
		{6C4C3F7A-A288-4F07-A7EE-CB44688A96C0}.Debug|Any CPU.Build.0 = Debug|Any CPU
		{6C4C3F7A-A288-4F07-A7EE-CB44688A96C0}.Release|Any CPU.ActiveCfg = Release|Any CPU
		{6C4C3F7A-A288-4F07-A7EE-CB44688A96C0}.Release|Any CPU.Build.0 = Release|Any CPU
		{718C6820-1FD1-4F4B-ADC1-A657CAB7D64E}.Debug|Any CPU.ActiveCfg = Debug|Any CPU
		{718C6820-1FD1-4F4B-ADC1-A657CAB7D64E}.Debug|Any CPU.Build.0 = Debug|Any CPU
		{718C6820-1FD1-4F4B-ADC1-A657CAB7D64E}.Release|Any CPU.ActiveCfg = Release|Any CPU
		{718C6820-1FD1-4F4B-ADC1-A657CAB7D64E}.Release|Any CPU.Build.0 = Release|Any CPU
		{D16222B4-9E32-442B-A6D2-B5684F176B9F}.Debug|Any CPU.ActiveCfg = Debug|Any CPU
		{D16222B4-9E32-442B-A6D2-B5684F176B9F}.Debug|Any CPU.Build.0 = Debug|Any CPU
		{D16222B4-9E32-442B-A6D2-B5684F176B9F}.Release|Any CPU.ActiveCfg = Release|Any CPU
		{D16222B4-9E32-442B-A6D2-B5684F176B9F}.Release|Any CPU.Build.0 = Release|Any CPU
		{A968CC70-DEED-4DC9-AD43-B3B7021E0982}.Debug|Any CPU.ActiveCfg = Debug|Any CPU
		{A968CC70-DEED-4DC9-AD43-B3B7021E0982}.Debug|Any CPU.Build.0 = Debug|Any CPU
		{A968CC70-DEED-4DC9-AD43-B3B7021E0982}.Release|Any CPU.ActiveCfg = Release|Any CPU
		{A968CC70-DEED-4DC9-AD43-B3B7021E0982}.Release|Any CPU.Build.0 = Release|Any CPU
		{D922AB2E-8CB1-49B2-87A6-A72B50B34B7A}.Debug|Any CPU.ActiveCfg = Debug|Any CPU
		{D922AB2E-8CB1-49B2-87A6-A72B50B34B7A}.Debug|Any CPU.Build.0 = Debug|Any CPU
		{D922AB2E-8CB1-49B2-87A6-A72B50B34B7A}.Release|Any CPU.ActiveCfg = Release|Any CPU
		{D922AB2E-8CB1-49B2-87A6-A72B50B34B7A}.Release|Any CPU.Build.0 = Release|Any CPU
		{16F648C3-ED3D-4654-977A-414163A4D863}.Debug|Any CPU.ActiveCfg = Debug|Any CPU
		{16F648C3-ED3D-4654-977A-414163A4D863}.Debug|Any CPU.Build.0 = Debug|Any CPU
		{16F648C3-ED3D-4654-977A-414163A4D863}.Release|Any CPU.ActiveCfg = Release|Any CPU
		{16F648C3-ED3D-4654-977A-414163A4D863}.Release|Any CPU.Build.0 = Release|Any CPU
		{36E3D110-516B-43DC-94B3-F59A9FC603F3}.Debug|Any CPU.ActiveCfg = Debug|Any CPU
		{36E3D110-516B-43DC-94B3-F59A9FC603F3}.Debug|Any CPU.Build.0 = Debug|Any CPU
		{36E3D110-516B-43DC-94B3-F59A9FC603F3}.Release|Any CPU.ActiveCfg = Release|Any CPU
		{36E3D110-516B-43DC-94B3-F59A9FC603F3}.Release|Any CPU.Build.0 = Release|Any CPU
		{983602B7-58E1-4D7A-BAD7-4DFA5C28DACA}.Debug|Any CPU.ActiveCfg = Debug|Any CPU
		{983602B7-58E1-4D7A-BAD7-4DFA5C28DACA}.Debug|Any CPU.Build.0 = Debug|Any CPU
		{983602B7-58E1-4D7A-BAD7-4DFA5C28DACA}.Release|Any CPU.ActiveCfg = Release|Any CPU
		{983602B7-58E1-4D7A-BAD7-4DFA5C28DACA}.Release|Any CPU.Build.0 = Release|Any CPU
		{7EBB3C72-166E-4892-9DF2-33C7F77F0165}.Debug|Any CPU.ActiveCfg = Debug|Any CPU
		{7EBB3C72-166E-4892-9DF2-33C7F77F0165}.Debug|Any CPU.Build.0 = Debug|Any CPU
		{7EBB3C72-166E-4892-9DF2-33C7F77F0165}.Release|Any CPU.ActiveCfg = Release|Any CPU
		{7EBB3C72-166E-4892-9DF2-33C7F77F0165}.Release|Any CPU.Build.0 = Release|Any CPU
		{B8AB0D5E-62C4-48D7-BD13-49EFEE2790EC}.Debug|Any CPU.ActiveCfg = Debug|Any CPU
		{B8AB0D5E-62C4-48D7-BD13-49EFEE2790EC}.Debug|Any CPU.Build.0 = Debug|Any CPU
		{B8AB0D5E-62C4-48D7-BD13-49EFEE2790EC}.Release|Any CPU.ActiveCfg = Release|Any CPU
		{B8AB0D5E-62C4-48D7-BD13-49EFEE2790EC}.Release|Any CPU.Build.0 = Release|Any CPU
		{93536046-96E2-4D5C-AB1D-E9B6EB6B9ADC}.Debug|Any CPU.ActiveCfg = Debug|Any CPU
		{93536046-96E2-4D5C-AB1D-E9B6EB6B9ADC}.Debug|Any CPU.Build.0 = Debug|Any CPU
		{93536046-96E2-4D5C-AB1D-E9B6EB6B9ADC}.Release|Any CPU.ActiveCfg = Release|Any CPU
		{93536046-96E2-4D5C-AB1D-E9B6EB6B9ADC}.Release|Any CPU.Build.0 = Release|Any CPU
		{C3667DB6-B89C-4406-A12C-5F694B48DB32}.Debug|Any CPU.ActiveCfg = Debug|Any CPU
		{C3667DB6-B89C-4406-A12C-5F694B48DB32}.Debug|Any CPU.Build.0 = Debug|Any CPU
		{C3667DB6-B89C-4406-A12C-5F694B48DB32}.Release|Any CPU.ActiveCfg = Release|Any CPU
		{C3667DB6-B89C-4406-A12C-5F694B48DB32}.Release|Any CPU.Build.0 = Release|Any CPU
		{BACEAF72-3A4F-430D-8B10-76B12F566D55}.Debug|Any CPU.ActiveCfg = Debug|Any CPU
		{BACEAF72-3A4F-430D-8B10-76B12F566D55}.Debug|Any CPU.Build.0 = Debug|Any CPU
		{BACEAF72-3A4F-430D-8B10-76B12F566D55}.Release|Any CPU.ActiveCfg = Release|Any CPU
		{BACEAF72-3A4F-430D-8B10-76B12F566D55}.Release|Any CPU.Build.0 = Release|Any CPU
		{BAF0AAC2-9476-4A80-B7F1-1D67AD075C58}.Debug|Any CPU.ActiveCfg = Debug|Any CPU
		{BAF0AAC2-9476-4A80-B7F1-1D67AD075C58}.Debug|Any CPU.Build.0 = Debug|Any CPU
		{BAF0AAC2-9476-4A80-B7F1-1D67AD075C58}.Release|Any CPU.ActiveCfg = Release|Any CPU
		{BAF0AAC2-9476-4A80-B7F1-1D67AD075C58}.Release|Any CPU.Build.0 = Release|Any CPU
		{2F95D379-7554-4D56-8C62-FBCF4C557CD7}.Debug|Any CPU.ActiveCfg = Debug|Any CPU
		{2F95D379-7554-4D56-8C62-FBCF4C557CD7}.Debug|Any CPU.Build.0 = Debug|Any CPU
		{2F95D379-7554-4D56-8C62-FBCF4C557CD7}.Release|Any CPU.ActiveCfg = Release|Any CPU
		{2F95D379-7554-4D56-8C62-FBCF4C557CD7}.Release|Any CPU.Build.0 = Release|Any CPU
		{D376E6A5-7E9F-4D8A-B335-188162832205}.Debug|Any CPU.ActiveCfg = Debug|Any CPU
		{D376E6A5-7E9F-4D8A-B335-188162832205}.Debug|Any CPU.Build.0 = Debug|Any CPU
		{D376E6A5-7E9F-4D8A-B335-188162832205}.Release|Any CPU.ActiveCfg = Release|Any CPU
		{D376E6A5-7E9F-4D8A-B335-188162832205}.Release|Any CPU.Build.0 = Release|Any CPU
		{64C7071A-4CAD-412E-B6B8-4C57BCD47EDA}.Debug|Any CPU.ActiveCfg = Debug|Any CPU
		{64C7071A-4CAD-412E-B6B8-4C57BCD47EDA}.Debug|Any CPU.Build.0 = Debug|Any CPU
		{64C7071A-4CAD-412E-B6B8-4C57BCD47EDA}.Release|Any CPU.ActiveCfg = Release|Any CPU
		{64C7071A-4CAD-412E-B6B8-4C57BCD47EDA}.Release|Any CPU.Build.0 = Release|Any CPU
		{46D05983-63FB-4E0D-95D9-5DE79526CE9B}.Debug|Any CPU.ActiveCfg = Debug|Any CPU
		{46D05983-63FB-4E0D-95D9-5DE79526CE9B}.Debug|Any CPU.Build.0 = Debug|Any CPU
		{46D05983-63FB-4E0D-95D9-5DE79526CE9B}.Release|Any CPU.ActiveCfg = Release|Any CPU
		{46D05983-63FB-4E0D-95D9-5DE79526CE9B}.Release|Any CPU.Build.0 = Release|Any CPU
		{EA1F9EFF-AD30-4A3E-87CA-8F65EFDBDF00}.Debug|Any CPU.ActiveCfg = Debug|Any CPU
		{EA1F9EFF-AD30-4A3E-87CA-8F65EFDBDF00}.Debug|Any CPU.Build.0 = Debug|Any CPU
		{EA1F9EFF-AD30-4A3E-87CA-8F65EFDBDF00}.Release|Any CPU.ActiveCfg = Release|Any CPU
		{EA1F9EFF-AD30-4A3E-87CA-8F65EFDBDF00}.Release|Any CPU.Build.0 = Release|Any CPU
		{82AD967E-2E3D-4B02-B14E-438EC0A12BEE}.Debug|Any CPU.ActiveCfg = Debug|Any CPU
		{82AD967E-2E3D-4B02-B14E-438EC0A12BEE}.Debug|Any CPU.Build.0 = Debug|Any CPU
		{82AD967E-2E3D-4B02-B14E-438EC0A12BEE}.Release|Any CPU.ActiveCfg = Release|Any CPU
		{82AD967E-2E3D-4B02-B14E-438EC0A12BEE}.Release|Any CPU.Build.0 = Release|Any CPU
		{2E224C25-675D-4EE8-8B09-8CE0936867AC}.Debug|Any CPU.ActiveCfg = Debug|Any CPU
		{2E224C25-675D-4EE8-8B09-8CE0936867AC}.Debug|Any CPU.Build.0 = Debug|Any CPU
		{2E224C25-675D-4EE8-8B09-8CE0936867AC}.Release|Any CPU.ActiveCfg = Release|Any CPU
		{2E224C25-675D-4EE8-8B09-8CE0936867AC}.Release|Any CPU.Build.0 = Release|Any CPU
		{A75B9F6F-22B6-4AAD-ABAD-F860D4AA2952}.Debug|Any CPU.ActiveCfg = Debug|Any CPU
		{A75B9F6F-22B6-4AAD-ABAD-F860D4AA2952}.Debug|Any CPU.Build.0 = Debug|Any CPU
		{A75B9F6F-22B6-4AAD-ABAD-F860D4AA2952}.Release|Any CPU.ActiveCfg = Release|Any CPU
		{A75B9F6F-22B6-4AAD-ABAD-F860D4AA2952}.Release|Any CPU.Build.0 = Release|Any CPU
		{8A388387-AEAC-4D2D-928E-B505CD83A085}.Debug|Any CPU.ActiveCfg = Debug|Any CPU
		{8A388387-AEAC-4D2D-928E-B505CD83A085}.Debug|Any CPU.Build.0 = Debug|Any CPU
		{8A388387-AEAC-4D2D-928E-B505CD83A085}.Release|Any CPU.ActiveCfg = Release|Any CPU
		{8A388387-AEAC-4D2D-928E-B505CD83A085}.Release|Any CPU.Build.0 = Release|Any CPU
	EndGlobalSection
	GlobalSection(SolutionProperties) = preSolution
		HideSolutionNode = FALSE
	EndGlobalSection
	GlobalSection(ExtensibilityGlobals) = postSolution
		SolutionGuid = {74A8C4AC-D8AC-44F8-87FD-9827807AA69D}
	EndGlobalSection
EndGlobal
